
Microsoft Visual Studio Solution File, Format Version 11.00
# Visual Studio 2010
Project("{FAE04EC0-301F-11D3-BF4B-00C04F79EFBC}") = "Arkiv", "Arkiv\Arkiv.csproj", "{ACE41275-902C-46CD-AE47-0BD9BA39A645}"
EndProject
Global
	GlobalSection(SolutionConfigurationPlatforms) = preSolution
		Debug|x86 = Debug|x86
		Release|x86 = Release|x86
	EndGlobalSection
	GlobalSection(ProjectConfigurationPlatforms) = postSolution
		{ACE41275-902C-46CD-AE47-0BD9BA39A645}.Debug|x86.ActiveCfg = Debug|x86
		{ACE41275-902C-46CD-AE47-0BD9BA39A645}.Debug|x86.Build.0 = Debug|x86
		{ACE41275-902C-46CD-AE47-0BD9BA39A645}.Release|x86.ActiveCfg = Release|x86
		{ACE41275-902C-46CD-AE47-0BD9BA39A645}.Release|x86.Build.0 = Release|x86
	EndGlobalSection
	GlobalSection(MonoDevelopProperties) = preSolution
		StartupItem = Arkiv\Arkiv.csproj
	EndGlobalSection
EndGlobal
